
Microsoft Visual Studio Solution File, Format Version 12.00
# Visual Studio 15
VisualStudioVersion = 15.0.27130.2020
MinimumVisualStudioVersion = 10.0.40219.1
Project("{FAE04EC0-301F-11D3-BF4B-00C04F79EFBC}") = "Dibuixos", "Dibuixos\Dibuixos.csproj", "{F6C2AA49-4A8C-4031-86F1-C403E6EA9BFC}"
EndProject
Project("{2150E333-8FDC-42A3-9474-1A3956D46DE8}") = "Builders", "Builders", "{040E5967-E760-4991-A3E2-1F32746D9C2E}"
EndProject
Project("{8BC9CEB8-8B4A-11D0-8D11-00A0C91BC942}") = "BuilderGLUTNativeDataToManaged", "BuilderGLUTNativeDataToManaged\BuilderGLUTNativeDataToManaged.vcxproj", "{27D1C76C-BCCA-4A3D-A66F-C2063F9607F8}"
EndProject
Project("{D954291E-2A0B-460D-934E-DC6B0785DB48}") = "Dibuixos.Pruebas.Shared", "Dibuixos.Pruebas.Shared\Dibuixos.Pruebas.Shared.shproj", "{E25EE5A2-6963-4BE0-B61C-0F125FB975DD}"
EndProject
Project("{FAE04EC0-301F-11D3-BF4B-00C04F79EFBC}") = "Dibuixos.Pruebas.Desktop", "Dibuixos.Pruebas.Desktop\Dibuixos.Pruebas.Desktop.csproj", "{00ECB157-7CA2-4A77-8E88-E4AD958BE6CC}"
EndProject
Project("{FAE04EC0-301F-11D3-BF4B-00C04F79EFBC}") = "Dibuixos.Pruebas.Android", "Dibuixos.Pruebas.Android\Dibuixos.Pruebas.Android.csproj", "{AF426A1F-C137-4E38-BC1B-CFBDD6F5AEDC}"
EndProject
Project("{FAE04EC0-301F-11D3-BF4B-00C04F79EFBC}") = "BuilderFortunes", "BuilderFortunes\BuilderFortunes.csproj", "{48BF1AD4-187D-4EF2-A5C3-B8ABBF64985C}"
EndProject
Project("{FAE04EC0-301F-11D3-BF4B-00C04F79EFBC}") = "DibuixScreenSaver", "DibuixScreenSaver\DibuixScreenSaver.csproj", "{C81F795E-DFBF-42D0-B4D6-7E254B3FB6F5}"
EndProject
Global
	GlobalSection(SharedMSBuildProjectFiles) = preSolution
		Dibuixos.Pruebas.Shared\Dibuixos.Pruebas.Shared.projitems*{00ecb157-7ca2-4a77-8e88-e4ad958be6cc}*SharedItemsImports = 4
		Dibuixos.Pruebas.Shared\Dibuixos.Pruebas.Shared.projitems*{af426a1f-c137-4e38-bc1b-cfbdd6f5aedc}*SharedItemsImports = 4
		Dibuixos.Pruebas.Shared\Dibuixos.Pruebas.Shared.projitems*{e25ee5a2-6963-4be0-b61c-0f125fb975dd}*SharedItemsImports = 13
	EndGlobalSection
	GlobalSection(SolutionConfigurationPlatforms) = preSolution
		Debug|Any CPU = Debug|Any CPU
		Debug|x64 = Debug|x64
		Debug|x86 = Debug|x86
		Release|Any CPU = Release|Any CPU
		Release|x64 = Release|x64
		Release|x86 = Release|x86
	EndGlobalSection
	GlobalSection(ProjectConfigurationPlatforms) = postSolution
		{F6C2AA49-4A8C-4031-86F1-C403E6EA9BFC}.Debug|Any CPU.ActiveCfg = Debug|Any CPU
		{F6C2AA49-4A8C-4031-86F1-C403E6EA9BFC}.Debug|Any CPU.Build.0 = Debug|Any CPU
		{F6C2AA49-4A8C-4031-86F1-C403E6EA9BFC}.Debug|x64.ActiveCfg = Debug|x86
		{F6C2AA49-4A8C-4031-86F1-C403E6EA9BFC}.Debug|x86.ActiveCfg = Debug|x86
		{F6C2AA49-4A8C-4031-86F1-C403E6EA9BFC}.Debug|x86.Build.0 = Debug|x86
		{F6C2AA49-4A8C-4031-86F1-C403E6EA9BFC}.Release|Any CPU.ActiveCfg = Release|Any CPU
		{F6C2AA49-4A8C-4031-86F1-C403E6EA9BFC}.Release|Any CPU.Build.0 = Release|Any CPU
		{F6C2AA49-4A8C-4031-86F1-C403E6EA9BFC}.Release|x64.ActiveCfg = Release|x86
		{F6C2AA49-4A8C-4031-86F1-C403E6EA9BFC}.Release|x86.ActiveCfg = Release|x86
		{F6C2AA49-4A8C-4031-86F1-C403E6EA9BFC}.Release|x86.Build.0 = Release|x86
		{27D1C76C-BCCA-4A3D-A66F-C2063F9607F8}.Debug|Any CPU.ActiveCfg = Debug|Win32
		{27D1C76C-BCCA-4A3D-A66F-C2063F9607F8}.Debug|x64.ActiveCfg = Debug|x64
		{27D1C76C-BCCA-4A3D-A66F-C2063F9607F8}.Debug|x64.Build.0 = Debug|x64
		{27D1C76C-BCCA-4A3D-A66F-C2063F9607F8}.Debug|x86.ActiveCfg = Debug|Win32
		{27D1C76C-BCCA-4A3D-A66F-C2063F9607F8}.Debug|x86.Build.0 = Debug|Win32
		{27D1C76C-BCCA-4A3D-A66F-C2063F9607F8}.Release|Any CPU.ActiveCfg = Release|Win32
		{27D1C76C-BCCA-4A3D-A66F-C2063F9607F8}.Release|x64.ActiveCfg = Release|x64
		{27D1C76C-BCCA-4A3D-A66F-C2063F9607F8}.Release|x64.Build.0 = Release|x64
		{27D1C76C-BCCA-4A3D-A66F-C2063F9607F8}.Release|x86.ActiveCfg = Release|Win32
		{00ECB157-7CA2-4A77-8E88-E4AD958BE6CC}.Debug|Any CPU.ActiveCfg = Debug|Any CPU
		{00ECB157-7CA2-4A77-8E88-E4AD958BE6CC}.Debug|x64.ActiveCfg = Debug|Any CPU
		{00ECB157-7CA2-4A77-8E88-E4AD958BE6CC}.Debug|x64.Build.0 = Debug|Any CPU
		{00ECB157-7CA2-4A77-8E88-E4AD958BE6CC}.Debug|x86.ActiveCfg = Debug|Any CPU
		{00ECB157-7CA2-4A77-8E88-E4AD958BE6CC}.Debug|x86.Build.0 = Debug|Any CPU
		{00ECB157-7CA2-4A77-8E88-E4AD958BE6CC}.Release|Any CPU.ActiveCfg = Release|Any CPU
		{00ECB157-7CA2-4A77-8E88-E4AD958BE6CC}.Release|x64.ActiveCfg = Release|Any CPU
		{00ECB157-7CA2-4A77-8E88-E4AD958BE6CC}.Release|x64.Build.0 = Release|Any CPU
		{00ECB157-7CA2-4A77-8E88-E4AD958BE6CC}.Release|x86.ActiveCfg = Release|Any CPU
		{AF426A1F-C137-4E38-BC1B-CFBDD6F5AEDC}.Debug|Any CPU.ActiveCfg = Debug|Any CPU
		{AF426A1F-C137-4E38-BC1B-CFBDD6F5AEDC}.Debug|x64.ActiveCfg = Debug|Any CPU
		{AF426A1F-C137-4E38-BC1B-CFBDD6F5AEDC}.Debug|x64.Build.0 = Debug|Any CPU
		{AF426A1F-C137-4E38-BC1B-CFBDD6F5AEDC}.Debug|x64.Deploy.0 = Debug|Any CPU
		{AF426A1F-C137-4E38-BC1B-CFBDD6F5AEDC}.Debug|x86.ActiveCfg = Debug|Any CPU
		{AF426A1F-C137-4E38-BC1B-CFBDD6F5AEDC}.Debug|x86.Build.0 = Debug|Any CPU
		{AF426A1F-C137-4E38-BC1B-CFBDD6F5AEDC}.Debug|x86.Deploy.0 = Debug|Any CPU
		{AF426A1F-C137-4E38-BC1B-CFBDD6F5AEDC}.Release|Any CPU.ActiveCfg = Release|Any CPU
		{AF426A1F-C137-4E38-BC1B-CFBDD6F5AEDC}.Release|x64.ActiveCfg = Release|Any CPU
		{AF426A1F-C137-4E38-BC1B-CFBDD6F5AEDC}.Release|x64.Build.0 = Release|Any CPU
		{AF426A1F-C137-4E38-BC1B-CFBDD6F5AEDC}.Release|x64.Deploy.0 = Release|Any CPU
		{AF426A1F-C137-4E38-BC1B-CFBDD6F5AEDC}.Release|x86.ActiveCfg = Release|Any CPU
		{48BF1AD4-187D-4EF2-A5C3-B8ABBF64985C}.Debug|Any CPU.ActiveCfg = Debug|Any CPU
		{48BF1AD4-187D-4EF2-A5C3-B8ABBF64985C}.Debug|Any CPU.Build.0 = Debug|Any CPU
		{48BF1AD4-187D-4EF2-A5C3-B8ABBF64985C}.Debug|x64.ActiveCfg = Debug|Any CPU
		{48BF1AD4-187D-4EF2-A5C3-B8ABBF64985C}.Debug|x64.Build.0 = Debug|Any CPU
		{48BF1AD4-187D-4EF2-A5C3-B8ABBF64985C}.Debug|x86.ActiveCfg = Debug|Any CPU
		{48BF1AD4-187D-4EF2-A5C3-B8ABBF64985C}.Debug|x86.Build.0 = Debug|Any CPU
		{48BF1AD4-187D-4EF2-A5C3-B8ABBF64985C}.Release|Any CPU.ActiveCfg = Release|Any CPU
		{48BF1AD4-187D-4EF2-A5C3-B8ABBF64985C}.Release|x64.ActiveCfg = Release|Any CPU
		{48BF1AD4-187D-4EF2-A5C3-B8ABBF64985C}.Release|x64.Build.0 = Release|Any CPU
		{48BF1AD4-187D-4EF2-A5C3-B8ABBF64985C}.Release|x86.ActiveCfg = Release|Any CPU
		{C81F795E-DFBF-42D0-B4D6-7E254B3FB6F5}.Debug|Any CPU.ActiveCfg = Debug|Any CPU
		{C81F795E-DFBF-42D0-B4D6-7E254B3FB6F5}.Debug|x64.ActiveCfg = Debug|Any CPU
		{C81F795E-DFBF-42D0-B4D6-7E254B3FB6F5}.Debug|x64.Build.0 = Debug|Any CPU
		{C81F795E-DFBF-42D0-B4D6-7E254B3FB6F5}.Debug|x86.ActiveCfg = Debug|Any CPU
		{C81F795E-DFBF-42D0-B4D6-7E254B3FB6F5}.Debug|x86.Build.0 = Debug|Any CPU
		{C81F795E-DFBF-42D0-B4D6-7E254B3FB6F5}.Release|Any CPU.ActiveCfg = Release|Any CPU
		{C81F795E-DFBF-42D0-B4D6-7E254B3FB6F5}.Release|Any CPU.Build.0 = Release|Any CPU
		{C81F795E-DFBF-42D0-B4D6-7E254B3FB6F5}.Release|x64.ActiveCfg = Release|Any CPU
		{C81F795E-DFBF-42D0-B4D6-7E254B3FB6F5}.Release|x64.Build.0 = Release|Any CPU
		{C81F795E-DFBF-42D0-B4D6-7E254B3FB6F5}.Release|x86.ActiveCfg = Release|Any CPU
	EndGlobalSection
	GlobalSection(SolutionProperties) = preSolution
		HideSolutionNode = FALSE
	EndGlobalSection
	GlobalSection(NestedProjects) = preSolution
		{27D1C76C-BCCA-4A3D-A66F-C2063F9607F8} = {040E5967-E760-4991-A3E2-1F32746D9C2E}
		{48BF1AD4-187D-4EF2-A5C3-B8ABBF64985C} = {040E5967-E760-4991-A3E2-1F32746D9C2E}
	EndGlobalSection
	GlobalSection(ExtensibilityGlobals) = postSolution
		SolutionGuid = {C29D7822-70A8-457B-A512-AC8EBA1FDE6D}
	EndGlobalSection
EndGlobal
