
Microsoft Visual Studio Solution File, Format Version 12.00
# Visual Studio 2012
Project("{D954291E-2A0B-460D-934E-DC6B0785DB48}") = "MathDraws.Shared", "MathDraws.Shared\MathDraws.Shared.shproj", "{FE6EFAB4-0D84-4A05-94AA-21288035CE0C}"
EndProject
Project("{FAE04EC0-301F-11D3-BF4B-00C04F79EFBC}") = "MathDraws.Desktop", "MathDraws.Desktop\MathDraws.Desktop.csproj", "{4759CE5D-80A7-4CF7-8C7E-F6731B69737D}"
EndProject
Project("{FAE04EC0-301F-11D3-BF4B-00C04F79EFBC}") = "MathDraws.Android", "MathDraws.Android\MathDraws.Android.csproj", "{1A9FE6B1-909B-4D4A-AD44-2DCC788AA7F2}"
EndProject
Global
	GlobalSection(SolutionConfigurationPlatforms) = preSolution
		Debug|x86 = Debug|x86
		Release|x86 = Release|x86
	EndGlobalSection
	GlobalSection(ProjectConfigurationPlatforms) = postSolution
		{4759CE5D-80A7-4CF7-8C7E-F6731B69737D}.Debug|x86.ActiveCfg = Debug|x86
		{4759CE5D-80A7-4CF7-8C7E-F6731B69737D}.Debug|x86.Build.0 = Debug|x86
		{4759CE5D-80A7-4CF7-8C7E-F6731B69737D}.Release|x86.ActiveCfg = Release|x86
		{4759CE5D-80A7-4CF7-8C7E-F6731B69737D}.Release|x86.Build.0 = Release|x86
		{1A9FE6B1-909B-4D4A-AD44-2DCC788AA7F2}.Debug|x86.ActiveCfg = Debug|Any CPU
		{1A9FE6B1-909B-4D4A-AD44-2DCC788AA7F2}.Debug|x86.Build.0 = Debug|Any CPU
		{1A9FE6B1-909B-4D4A-AD44-2DCC788AA7F2}.Release|x86.ActiveCfg = Release|Any CPU
		{1A9FE6B1-909B-4D4A-AD44-2DCC788AA7F2}.Release|x86.Build.0 = Release|Any CPU
	EndGlobalSection
EndGlobal
