
Microsoft Visual Studio Solution File, Format Version 12.00
# Visual Studio 14
VisualStudioVersion = 14.0.24720.0
MinimumVisualStudioVersion = 10.0.40219.1
Project("{2150E333-8FDC-42A3-9474-1A3956D46DE8}") = "bb", "bb", "{67FF1441-AA85-4499-948B-44480D601F24}"
	ProjectSection(SolutionItems) = preProject
		..\..\..\..\..\..\programas\app\bb\bb-1.2\aconfig.h = ..\..\..\..\..\..\programas\app\bb\bb-1.2\aconfig.h
		..\..\..\..\..\..\programas\app\bb\bb-1.2\autopilo.c = ..\..\..\..\..\..\programas\app\bb\bb-1.2\autopilo.c
		..\..\..\..\..\..\programas\app\bb\bb-1.2\autopilo.h = ..\..\..\..\..\..\programas\app\bb\bb-1.2\autopilo.h
		..\..\..\..\..\..\programas\app\bb\bb-1.2\backconv.c = ..\..\..\..\..\..\programas\app\bb\bb-1.2\backconv.c
		..\..\..\..\..\..\programas\app\bb\bb-1.2\bb.c = ..\..\..\..\..\..\programas\app\bb\bb-1.2\bb.c
		..\..\..\..\..\..\programas\app\bb\bb-1.2\bb.h = ..\..\..\..\..\..\programas\app\bb\bb-1.2\bb.h
		..\..\..\..\..\..\programas\app\bb\bb-1.2\complex.h = ..\..\..\..\..\..\programas\app\bb\bb-1.2\complex.h
		..\..\..\..\..\..\programas\app\bb\bb-1.2\config.h = ..\..\..\..\..\..\programas\app\bb\bb-1.2\config.h
		..\..\..\..\..\..\programas\app\bb\bb-1.2\credits.c = ..\..\..\..\..\..\programas\app\bb\bb-1.2\credits.c
		..\..\..\..\..\..\programas\app\bb\bb-1.2\credits2.c = ..\..\..\..\..\..\programas\app\bb\bb-1.2\credits2.c
		..\..\..\..\..\..\programas\app\bb\bb-1.2\ctrl87.c = ..\..\..\..\..\..\programas\app\bb\bb-1.2\ctrl87.c
		..\..\..\..\..\..\programas\app\bb\bb-1.2\ctrl87.h = ..\..\..\..\..\..\programas\app\bb\bb-1.2\ctrl87.h
		..\..\..\..\..\..\programas\app\bb\bb-1.2\dos.c = ..\..\..\..\..\..\programas\app\bb\bb-1.2\dos.c
		..\..\..\..\..\..\programas\app\bb\bb-1.2\fk1.c = ..\..\..\..\..\..\programas\app\bb\bb-1.2\fk1.c
		..\..\..\..\..\..\programas\app\bb\bb-1.2\fk2.c = ..\..\..\..\..\..\programas\app\bb\bb-1.2\fk2.c
		..\..\..\..\..\..\programas\app\bb\bb-1.2\fk3.c = ..\..\..\..\..\..\programas\app\bb\bb-1.2\fk3.c
		..\..\..\..\..\..\programas\app\bb\bb-1.2\fk4.c = ..\..\..\..\..\..\programas\app\bb\bb-1.2\fk4.c
		..\..\..\..\..\..\programas\app\bb\bb-1.2\formulas.c = ..\..\..\..\..\..\programas\app\bb\bb-1.2\formulas.c
		..\..\..\..\..\..\programas\app\bb\bb-1.2\formulas.h = ..\..\..\..\..\..\programas\app\bb\bb-1.2\formulas.h
		..\..\..\..\..\..\programas\app\bb\bb-1.2\hh1.c = ..\..\..\..\..\..\programas\app\bb\bb-1.2\hh1.c
		..\..\..\..\..\..\programas\app\bb\bb-1.2\hh2.c = ..\..\..\..\..\..\programas\app\bb\bb-1.2\hh2.c
		..\..\..\..\..\..\programas\app\bb\bb-1.2\hh3.c = ..\..\..\..\..\..\programas\app\bb\bb-1.2\hh3.c
		..\..\..\..\..\..\programas\app\bb\bb-1.2\hh4.c = ..\..\..\..\..\..\programas\app\bb\bb-1.2\hh4.c
		..\..\..\..\..\..\programas\app\bb\bb-1.2\image.c = ..\..\..\..\..\..\programas\app\bb\bb-1.2\image.c
		..\..\..\..\..\..\programas\app\bb\bb-1.2\image.h = ..\..\..\..\..\..\programas\app\bb\bb-1.2\image.h
		..\..\..\..\..\..\programas\app\bb\bb-1.2\julia.c = ..\..\..\..\..\..\programas\app\bb\bb-1.2\julia.c
		..\..\..\..\..\..\programas\app\bb\bb-1.2\kt1.c = ..\..\..\..\..\..\programas\app\bb\bb-1.2\kt1.c
		..\..\..\..\..\..\programas\app\bb\bb-1.2\kt2.c = ..\..\..\..\..\..\programas\app\bb\bb-1.2\kt2.c
		..\..\..\..\..\..\programas\app\bb\bb-1.2\kt3.c = ..\..\..\..\..\..\programas\app\bb\bb-1.2\kt3.c
		..\..\..\..\..\..\programas\app\bb\bb-1.2\kt4.c = ..\..\..\..\..\..\programas\app\bb\bb-1.2\kt4.c
		..\..\..\..\..\..\programas\app\bb\bb-1.2\messager.c = ..\..\..\..\..\..\programas\app\bb\bb-1.2\messager.c
		..\..\..\..\..\..\programas\app\bb\bb-1.2\minilzo.c = ..\..\..\..\..\..\programas\app\bb\bb-1.2\minilzo.c
		..\..\..\..\..\..\programas\app\bb\bb-1.2\minilzo.h = ..\..\..\..\..\..\programas\app\bb\bb-1.2\minilzo.h
		..\..\..\..\..\..\programas\app\bb\bb-1.2\ms1.c = ..\..\..\..\..\..\programas\app\bb\bb-1.2\ms1.c
		..\..\..\..\..\..\programas\app\bb\bb-1.2\ms2.c = ..\..\..\..\..\..\programas\app\bb\bb-1.2\ms2.c
		..\..\..\..\..\..\programas\app\bb\bb-1.2\ms3.c = ..\..\..\..\..\..\programas\app\bb\bb-1.2\ms3.c
		..\..\..\..\..\..\programas\app\bb\bb-1.2\ms4.c = ..\..\..\..\..\..\programas\app\bb\bb-1.2\ms4.c
		..\..\..\..\..\..\programas\app\bb\bb-1.2\mylzo.h = ..\..\..\..\..\..\programas\app\bb\bb-1.2\mylzo.h
		..\..\..\..\..\..\programas\app\bb\bb-1.2\patnik.h = ..\..\..\..\..\..\programas\app\bb\bb-1.2\patnik.h
		..\..\..\..\..\..\programas\app\bb\bb-1.2\print.c = ..\..\..\..\..\..\programas\app\bb\bb-1.2\print.c
		..\..\..\..\..\..\programas\app\bb\bb-1.2\scene1.c = ..\..\..\..\..\..\programas\app\bb\bb-1.2\scene1.c
		..\..\..\..\..\..\programas\app\bb\bb-1.2\scene2.c = ..\..\..\..\..\..\programas\app\bb\bb-1.2\scene2.c
		..\..\..\..\..\..\programas\app\bb\bb-1.2\scene3.c = ..\..\..\..\..\..\programas\app\bb\bb-1.2\scene3.c
		..\..\..\..\..\..\programas\app\bb\bb-1.2\scene4.c = ..\..\..\..\..\..\programas\app\bb\bb-1.2\scene4.c
		..\..\..\..\..\..\programas\app\bb\bb-1.2\scene5.c = ..\..\..\..\..\..\programas\app\bb\bb-1.2\scene5.c
		..\..\..\..\..\..\programas\app\bb\bb-1.2\scene7.c = ..\..\..\..\..\..\programas\app\bb\bb-1.2\scene7.c
		..\..\..\..\..\..\programas\app\bb\bb-1.2\scene8.c = ..\..\..\..\..\..\programas\app\bb\bb-1.2\scene8.c
		..\..\..\..\..\..\programas\app\bb\bb-1.2\scene9.c = ..\..\..\..\..\..\programas\app\bb\bb-1.2\scene9.c
		..\..\..\..\..\..\programas\app\bb\bb-1.2\tex.c = ..\..\..\..\..\..\programas\app\bb\bb-1.2\tex.c
		..\..\..\..\..\..\programas\app\bb\bb-1.2\tex.h = ..\..\..\..\..\..\programas\app\bb\bb-1.2\tex.h
		..\..\..\..\..\..\programas\app\bb\bb-1.2\textform.c = ..\..\..\..\..\..\programas\app\bb\bb-1.2\textform.c
		..\..\..\..\..\..\programas\app\bb\bb-1.2\timers.c = ..\..\..\..\..\..\programas\app\bb\bb-1.2\timers.c
		..\..\..\..\..\..\programas\app\bb\bb-1.2\timers.h = ..\..\..\..\..\..\programas\app\bb\bb-1.2\timers.h
		..\..\..\..\..\..\programas\app\bb\bb-1.2\torus.h = ..\..\..\..\..\..\programas\app\bb\bb-1.2\torus.h
		..\..\..\..\..\..\programas\app\bb\bb-1.2\ui.h = ..\..\..\..\..\..\programas\app\bb\bb-1.2\ui.h
		..\..\..\..\..\..\programas\app\bb\bb-1.2\uncompfn.c = ..\..\..\..\..\..\programas\app\bb\bb-1.2\uncompfn.c
		..\..\..\..\..\..\programas\app\bb\bb-1.2\unix.c = ..\..\..\..\..\..\programas\app\bb\bb-1.2\unix.c
		..\..\..\..\..\..\programas\app\bb\bb-1.2\zeb.c = ..\..\..\..\..\..\programas\app\bb\bb-1.2\zeb.c
		..\..\..\..\..\..\programas\app\bb\bb-1.2\zoom.c = ..\..\..\..\..\..\programas\app\bb\bb-1.2\zoom.c
		..\..\..\..\..\..\programas\app\bb\bb-1.2\zoom.h = ..\..\..\..\..\..\programas\app\bb\bb-1.2\zoom.h
	EndProjectSection
EndProject
Project("{2150E333-8FDC-42A3-9474-1A3956D46DE8}") = "Dibuixos", "Dibuixos", "{0F0233F2-EB50-4E4A-B239-1FB05012DF56}"
EndProject
Project("{39E2626F-3545-4960-A6E8-258AD8476CE5}") = "Dibuixos.Packaging", "..\platform\Android\Dibuixos\Dibuixos.Packaging\Dibuixos.Packaging.androidproj", "{3665D349-391C-464D-B5C5-34FA20E50E33}"
EndProject
Project("{8BC9CEB8-8B4A-11D0-8D11-00A0C91BC942}") = "Dibuixos.NativeActivity", "..\platform\Android\Dibuixos\Dibuixos.NativeActivity\Dibuixos.NativeActivity.vcxproj", "{3D01CCF2-3A35-4EFF-A1F9-F907518448E8}"
EndProject
Project("{8BC9CEB8-8B4A-11D0-8D11-00A0C91BC942}") = "dibuixosSDL", "..\platform\SDL\dibuixosSDL.vcxproj", "{35BE7835-CC55-462A-9852-8AFEA6BEE16B}"
EndProject
Project("{8BC9CEB8-8B4A-11D0-8D11-00A0C91BC942}") = "Comun", "Comun\Comun.vcxitems", "{45D41ACC-2C3C-43D2-BC10-02AA73FFC7C7}"
EndProject
Global
	GlobalSection(SharedMSBuildProjectFiles) = preSolution
		Comun\Comun.vcxitems*{3d01ccf2-3a35-4eff-a1f9-f907518448e8}*SharedItemsImports = 4
		Comun\Comun.vcxitems*{45d41acc-2c3c-43d2-bc10-02aa73ffc7c7}*SharedItemsImports = 9
		Comun\Comun.vcxitems*{35be7835-cc55-462a-9852-8afea6bee16b}*SharedItemsImports = 4
	EndGlobalSection
	GlobalSection(SolutionConfigurationPlatforms) = preSolution
		Debug|ARM = Debug|ARM
		Debug|ARM64 = Debug|ARM64
		Debug|x64 = Debug|x64
		Debug|x86 = Debug|x86
		Release|ARM = Release|ARM
		Release|ARM64 = Release|ARM64
		Release|x64 = Release|x64
		Release|x86 = Release|x86
	EndGlobalSection
	GlobalSection(ProjectConfigurationPlatforms) = postSolution
		{3665D349-391C-464D-B5C5-34FA20E50E33}.Debug|ARM.ActiveCfg = Debug|ARM
		{3665D349-391C-464D-B5C5-34FA20E50E33}.Debug|ARM.Build.0 = Debug|ARM
		{3665D349-391C-464D-B5C5-34FA20E50E33}.Debug|ARM.Deploy.0 = Debug|ARM
		{3665D349-391C-464D-B5C5-34FA20E50E33}.Debug|ARM64.ActiveCfg = Debug|ARM64
		{3665D349-391C-464D-B5C5-34FA20E50E33}.Debug|ARM64.Build.0 = Debug|ARM64
		{3665D349-391C-464D-B5C5-34FA20E50E33}.Debug|ARM64.Deploy.0 = Debug|ARM64
		{3665D349-391C-464D-B5C5-34FA20E50E33}.Debug|x64.ActiveCfg = Debug|x64
		{3665D349-391C-464D-B5C5-34FA20E50E33}.Debug|x64.Build.0 = Debug|x64
		{3665D349-391C-464D-B5C5-34FA20E50E33}.Debug|x64.Deploy.0 = Debug|x64
		{3665D349-391C-464D-B5C5-34FA20E50E33}.Debug|x86.ActiveCfg = Debug|x86
		{3665D349-391C-464D-B5C5-34FA20E50E33}.Debug|x86.Build.0 = Debug|x86
		{3665D349-391C-464D-B5C5-34FA20E50E33}.Debug|x86.Deploy.0 = Debug|x86
		{3665D349-391C-464D-B5C5-34FA20E50E33}.Release|ARM.ActiveCfg = Release|ARM
		{3665D349-391C-464D-B5C5-34FA20E50E33}.Release|ARM.Build.0 = Release|ARM
		{3665D349-391C-464D-B5C5-34FA20E50E33}.Release|ARM.Deploy.0 = Release|ARM
		{3665D349-391C-464D-B5C5-34FA20E50E33}.Release|ARM64.ActiveCfg = Release|ARM64
		{3665D349-391C-464D-B5C5-34FA20E50E33}.Release|ARM64.Build.0 = Release|ARM64
		{3665D349-391C-464D-B5C5-34FA20E50E33}.Release|ARM64.Deploy.0 = Release|ARM64
		{3665D349-391C-464D-B5C5-34FA20E50E33}.Release|x64.ActiveCfg = Release|x64
		{3665D349-391C-464D-B5C5-34FA20E50E33}.Release|x64.Build.0 = Release|x64
		{3665D349-391C-464D-B5C5-34FA20E50E33}.Release|x64.Deploy.0 = Release|x64
		{3665D349-391C-464D-B5C5-34FA20E50E33}.Release|x86.ActiveCfg = Release|x86
		{3665D349-391C-464D-B5C5-34FA20E50E33}.Release|x86.Build.0 = Release|x86
		{3665D349-391C-464D-B5C5-34FA20E50E33}.Release|x86.Deploy.0 = Release|x86
		{3D01CCF2-3A35-4EFF-A1F9-F907518448E8}.Debug|ARM.ActiveCfg = Debug|ARM
		{3D01CCF2-3A35-4EFF-A1F9-F907518448E8}.Debug|ARM.Build.0 = Debug|ARM
		{3D01CCF2-3A35-4EFF-A1F9-F907518448E8}.Debug|ARM64.ActiveCfg = Debug|ARM64
		{3D01CCF2-3A35-4EFF-A1F9-F907518448E8}.Debug|ARM64.Build.0 = Debug|ARM64
		{3D01CCF2-3A35-4EFF-A1F9-F907518448E8}.Debug|x64.ActiveCfg = Debug|x64
		{3D01CCF2-3A35-4EFF-A1F9-F907518448E8}.Debug|x64.Build.0 = Debug|x64
		{3D01CCF2-3A35-4EFF-A1F9-F907518448E8}.Debug|x86.ActiveCfg = Debug|x86
		{3D01CCF2-3A35-4EFF-A1F9-F907518448E8}.Debug|x86.Build.0 = Debug|x86
		{3D01CCF2-3A35-4EFF-A1F9-F907518448E8}.Release|ARM.ActiveCfg = Release|ARM
		{3D01CCF2-3A35-4EFF-A1F9-F907518448E8}.Release|ARM.Build.0 = Release|ARM
		{3D01CCF2-3A35-4EFF-A1F9-F907518448E8}.Release|ARM64.ActiveCfg = Release|ARM64
		{3D01CCF2-3A35-4EFF-A1F9-F907518448E8}.Release|ARM64.Build.0 = Release|ARM64
		{3D01CCF2-3A35-4EFF-A1F9-F907518448E8}.Release|x64.ActiveCfg = Release|x64
		{3D01CCF2-3A35-4EFF-A1F9-F907518448E8}.Release|x64.Build.0 = Release|x64
		{3D01CCF2-3A35-4EFF-A1F9-F907518448E8}.Release|x86.ActiveCfg = Release|x86
		{3D01CCF2-3A35-4EFF-A1F9-F907518448E8}.Release|x86.Build.0 = Release|x86
		{35BE7835-CC55-462A-9852-8AFEA6BEE16B}.Debug|ARM.ActiveCfg = Debug|Win32
		{35BE7835-CC55-462A-9852-8AFEA6BEE16B}.Debug|ARM64.ActiveCfg = Debug|Win32
		{35BE7835-CC55-462A-9852-8AFEA6BEE16B}.Debug|x64.ActiveCfg = Debug|Win32
		{35BE7835-CC55-462A-9852-8AFEA6BEE16B}.Debug|x86.ActiveCfg = Debug|Win32
		{35BE7835-CC55-462A-9852-8AFEA6BEE16B}.Debug|x86.Build.0 = Debug|Win32
		{35BE7835-CC55-462A-9852-8AFEA6BEE16B}.Release|ARM.ActiveCfg = Release|Win32
		{35BE7835-CC55-462A-9852-8AFEA6BEE16B}.Release|ARM64.ActiveCfg = Release|Win32
		{35BE7835-CC55-462A-9852-8AFEA6BEE16B}.Release|x64.ActiveCfg = Release|Win32
		{35BE7835-CC55-462A-9852-8AFEA6BEE16B}.Release|x86.ActiveCfg = Release|Win32
		{35BE7835-CC55-462A-9852-8AFEA6BEE16B}.Release|x86.Build.0 = Release|Win32
	EndGlobalSection
	GlobalSection(SolutionProperties) = preSolution
		HideSolutionNode = FALSE
	EndGlobalSection
	GlobalSection(NestedProjects) = preSolution
		{3665D349-391C-464D-B5C5-34FA20E50E33} = {0F0233F2-EB50-4E4A-B239-1FB05012DF56}
		{3D01CCF2-3A35-4EFF-A1F9-F907518448E8} = {0F0233F2-EB50-4E4A-B239-1FB05012DF56}
	EndGlobalSection
EndGlobal
