
Microsoft Visual Studio Solution File, Format Version 12.00
# Visual Studio 15
VisualStudioVersion = 15.0.27130.2020
MinimumVisualStudioVersion = 10.0.40219.1
Project("{2150E333-8FDC-42A3-9474-1A3956D46DE8}") = "others", "others", "{078BD25C-C21D-4D74-9AF1-106EF33E7BA6}"
	ProjectSection(SolutionItems) = preProject
		LICENSE = LICENSE
		README.md = README.md
	EndProjectSection
EndProject
Project("{8BC9CEB8-8B4A-11D0-8D11-00A0C91BC942}") = "freeglut_static", "3rdParty\freeglut-3.2.1\freeglut_static.vcxproj", "{42580AE9-DAAA-3BF3-B1A5-F9421E203695}"
EndProject
Project("{8BC9CEB8-8B4A-11D0-8D11-00A0C91BC942}") = "SOIL", "3rdParty\SOIL\projects\VC9\SOIL.vcxproj", "{C32FB2B4-500C-43CD-A099-EECCE079D3F1}"
EndProject
Project("{8BC9CEB8-8B4A-11D0-8D11-00A0C91BC942}") = "glew_static", "3rdParty\glew-1.10.0\build\vc10\glew_static.vcxproj", "{664E6F0D-6784-4760-9565-D54F8EB1EDF4}"
EndProject
Project("{8BC9CEB8-8B4A-11D0-8D11-00A0C91BC942}") = "Dibuixos", "Dibuixos\Dibuixos.vcxproj", "{5B89075D-0483-425F-B763-ECB10FAC93A4}"
EndProject
Global
	GlobalSection(SolutionConfigurationPlatforms) = preSolution
		Debug MX|Any CPU = Debug MX|Any CPU
		Debug MX|x64 = Debug MX|x64
		Debug MX|x86 = Debug MX|x86
		Debug|Any CPU = Debug|Any CPU
		Debug|x64 = Debug|x64
		Debug|x86 = Debug|x86
		MinSizeRel|Any CPU = MinSizeRel|Any CPU
		MinSizeRel|x64 = MinSizeRel|x64
		MinSizeRel|x86 = MinSizeRel|x86
		Release MX|Any CPU = Release MX|Any CPU
		Release MX|x64 = Release MX|x64
		Release MX|x86 = Release MX|x86
		Release|Any CPU = Release|Any CPU
		Release|x64 = Release|x64
		Release|x86 = Release|x86
		RelWithDebInfo|Any CPU = RelWithDebInfo|Any CPU
		RelWithDebInfo|x64 = RelWithDebInfo|x64
		RelWithDebInfo|x86 = RelWithDebInfo|x86
	EndGlobalSection
	GlobalSection(ProjectConfigurationPlatforms) = postSolution
		{42580AE9-DAAA-3BF3-B1A5-F9421E203695}.Debug MX|Any CPU.ActiveCfg = Release|Win32
		{42580AE9-DAAA-3BF3-B1A5-F9421E203695}.Debug MX|Any CPU.Build.0 = Release|Win32
		{42580AE9-DAAA-3BF3-B1A5-F9421E203695}.Debug MX|x64.ActiveCfg = Release|Win32
		{42580AE9-DAAA-3BF3-B1A5-F9421E203695}.Debug MX|x64.Build.0 = Release|Win32
		{42580AE9-DAAA-3BF3-B1A5-F9421E203695}.Debug MX|x86.ActiveCfg = Debug|Win32
		{42580AE9-DAAA-3BF3-B1A5-F9421E203695}.Debug MX|x86.Build.0 = Debug|Win32
		{42580AE9-DAAA-3BF3-B1A5-F9421E203695}.Debug|Any CPU.ActiveCfg = Debug|Win32
		{42580AE9-DAAA-3BF3-B1A5-F9421E203695}.Debug|Any CPU.Build.0 = Debug|Win32
		{42580AE9-DAAA-3BF3-B1A5-F9421E203695}.Debug|x64.ActiveCfg = Debug|Win32
		{42580AE9-DAAA-3BF3-B1A5-F9421E203695}.Debug|x86.ActiveCfg = Debug|Win32
		{42580AE9-DAAA-3BF3-B1A5-F9421E203695}.Debug|x86.Build.0 = Debug|Win32
		{42580AE9-DAAA-3BF3-B1A5-F9421E203695}.MinSizeRel|Any CPU.ActiveCfg = MinSizeRel|Win32
		{42580AE9-DAAA-3BF3-B1A5-F9421E203695}.MinSizeRel|x64.ActiveCfg = MinSizeRel|Win32
		{42580AE9-DAAA-3BF3-B1A5-F9421E203695}.MinSizeRel|x86.ActiveCfg = MinSizeRel|Win32
		{42580AE9-DAAA-3BF3-B1A5-F9421E203695}.MinSizeRel|x86.Build.0 = MinSizeRel|Win32
		{42580AE9-DAAA-3BF3-B1A5-F9421E203695}.Release MX|Any CPU.ActiveCfg = Release|Win32
		{42580AE9-DAAA-3BF3-B1A5-F9421E203695}.Release MX|Any CPU.Build.0 = Release|Win32
		{42580AE9-DAAA-3BF3-B1A5-F9421E203695}.Release MX|x64.ActiveCfg = Release|Win32
		{42580AE9-DAAA-3BF3-B1A5-F9421E203695}.Release MX|x64.Build.0 = Release|Win32
		{42580AE9-DAAA-3BF3-B1A5-F9421E203695}.Release MX|x86.ActiveCfg = Release|Win32
		{42580AE9-DAAA-3BF3-B1A5-F9421E203695}.Release MX|x86.Build.0 = Release|Win32
		{42580AE9-DAAA-3BF3-B1A5-F9421E203695}.Release|Any CPU.ActiveCfg = Release|Win32
		{42580AE9-DAAA-3BF3-B1A5-F9421E203695}.Release|x64.ActiveCfg = Release|Win32
		{42580AE9-DAAA-3BF3-B1A5-F9421E203695}.Release|x86.ActiveCfg = Release|Win32
		{42580AE9-DAAA-3BF3-B1A5-F9421E203695}.Release|x86.Build.0 = Release|Win32
		{42580AE9-DAAA-3BF3-B1A5-F9421E203695}.RelWithDebInfo|Any CPU.ActiveCfg = RelWithDebInfo|Win32
		{42580AE9-DAAA-3BF3-B1A5-F9421E203695}.RelWithDebInfo|x64.ActiveCfg = RelWithDebInfo|Win32
		{42580AE9-DAAA-3BF3-B1A5-F9421E203695}.RelWithDebInfo|x86.ActiveCfg = RelWithDebInfo|Win32
		{42580AE9-DAAA-3BF3-B1A5-F9421E203695}.RelWithDebInfo|x86.Build.0 = RelWithDebInfo|Win32
		{C32FB2B4-500C-43CD-A099-EECCE079D3F1}.Debug MX|Any CPU.ActiveCfg = Release|x64
		{C32FB2B4-500C-43CD-A099-EECCE079D3F1}.Debug MX|Any CPU.Build.0 = Release|x64
		{C32FB2B4-500C-43CD-A099-EECCE079D3F1}.Debug MX|x64.ActiveCfg = Debug|x64
		{C32FB2B4-500C-43CD-A099-EECCE079D3F1}.Debug MX|x64.Build.0 = Debug|x64
		{C32FB2B4-500C-43CD-A099-EECCE079D3F1}.Debug MX|x86.ActiveCfg = Debug|Win32
		{C32FB2B4-500C-43CD-A099-EECCE079D3F1}.Debug MX|x86.Build.0 = Debug|Win32
		{C32FB2B4-500C-43CD-A099-EECCE079D3F1}.Debug|Any CPU.ActiveCfg = Debug|Win32
		{C32FB2B4-500C-43CD-A099-EECCE079D3F1}.Debug|x64.ActiveCfg = Debug|x64
		{C32FB2B4-500C-43CD-A099-EECCE079D3F1}.Debug|x64.Build.0 = Debug|x64
		{C32FB2B4-500C-43CD-A099-EECCE079D3F1}.Debug|x86.ActiveCfg = Debug|Win32
		{C32FB2B4-500C-43CD-A099-EECCE079D3F1}.Debug|x86.Build.0 = Debug|Win32
		{C32FB2B4-500C-43CD-A099-EECCE079D3F1}.MinSizeRel|Any CPU.ActiveCfg = Release|x64
		{C32FB2B4-500C-43CD-A099-EECCE079D3F1}.MinSizeRel|Any CPU.Build.0 = Release|x64
		{C32FB2B4-500C-43CD-A099-EECCE079D3F1}.MinSizeRel|x64.ActiveCfg = Release|x64
		{C32FB2B4-500C-43CD-A099-EECCE079D3F1}.MinSizeRel|x64.Build.0 = Release|x64
		{C32FB2B4-500C-43CD-A099-EECCE079D3F1}.MinSizeRel|x86.ActiveCfg = Release|Win32
		{C32FB2B4-500C-43CD-A099-EECCE079D3F1}.MinSizeRel|x86.Build.0 = Release|Win32
		{C32FB2B4-500C-43CD-A099-EECCE079D3F1}.Release MX|Any CPU.ActiveCfg = Release|x64
		{C32FB2B4-500C-43CD-A099-EECCE079D3F1}.Release MX|Any CPU.Build.0 = Release|x64
		{C32FB2B4-500C-43CD-A099-EECCE079D3F1}.Release MX|x64.ActiveCfg = Release|x64
		{C32FB2B4-500C-43CD-A099-EECCE079D3F1}.Release MX|x64.Build.0 = Release|x64
		{C32FB2B4-500C-43CD-A099-EECCE079D3F1}.Release MX|x86.ActiveCfg = Release|Win32
		{C32FB2B4-500C-43CD-A099-EECCE079D3F1}.Release MX|x86.Build.0 = Release|Win32
		{C32FB2B4-500C-43CD-A099-EECCE079D3F1}.Release|Any CPU.ActiveCfg = Release|Win32
		{C32FB2B4-500C-43CD-A099-EECCE079D3F1}.Release|x64.ActiveCfg = Release|x64
		{C32FB2B4-500C-43CD-A099-EECCE079D3F1}.Release|x64.Build.0 = Release|x64
		{C32FB2B4-500C-43CD-A099-EECCE079D3F1}.Release|x86.ActiveCfg = Release|Win32
		{C32FB2B4-500C-43CD-A099-EECCE079D3F1}.Release|x86.Build.0 = Release|Win32
		{C32FB2B4-500C-43CD-A099-EECCE079D3F1}.RelWithDebInfo|Any CPU.ActiveCfg = Release|x64
		{C32FB2B4-500C-43CD-A099-EECCE079D3F1}.RelWithDebInfo|Any CPU.Build.0 = Release|x64
		{C32FB2B4-500C-43CD-A099-EECCE079D3F1}.RelWithDebInfo|x64.ActiveCfg = Release|x64
		{C32FB2B4-500C-43CD-A099-EECCE079D3F1}.RelWithDebInfo|x64.Build.0 = Release|x64
		{C32FB2B4-500C-43CD-A099-EECCE079D3F1}.RelWithDebInfo|x86.ActiveCfg = Release|Win32
		{C32FB2B4-500C-43CD-A099-EECCE079D3F1}.RelWithDebInfo|x86.Build.0 = Release|Win32
		{664E6F0D-6784-4760-9565-D54F8EB1EDF4}.Debug MX|Any CPU.ActiveCfg = Debug MX|Win32
		{664E6F0D-6784-4760-9565-D54F8EB1EDF4}.Debug MX|x64.ActiveCfg = Debug MX|x64
		{664E6F0D-6784-4760-9565-D54F8EB1EDF4}.Debug MX|x64.Build.0 = Debug MX|x64
		{664E6F0D-6784-4760-9565-D54F8EB1EDF4}.Debug MX|x86.ActiveCfg = Debug MX|Win32
		{664E6F0D-6784-4760-9565-D54F8EB1EDF4}.Debug MX|x86.Build.0 = Debug MX|Win32
		{664E6F0D-6784-4760-9565-D54F8EB1EDF4}.Debug|Any CPU.ActiveCfg = Debug|Win32
		{664E6F0D-6784-4760-9565-D54F8EB1EDF4}.Debug|x64.ActiveCfg = Debug|x64
		{664E6F0D-6784-4760-9565-D54F8EB1EDF4}.Debug|x64.Build.0 = Debug|x64
		{664E6F0D-6784-4760-9565-D54F8EB1EDF4}.Debug|x86.ActiveCfg = Debug|Win32
		{664E6F0D-6784-4760-9565-D54F8EB1EDF4}.Debug|x86.Build.0 = Debug|Win32
		{664E6F0D-6784-4760-9565-D54F8EB1EDF4}.MinSizeRel|Any CPU.ActiveCfg = Debug MX|x64
		{664E6F0D-6784-4760-9565-D54F8EB1EDF4}.MinSizeRel|Any CPU.Build.0 = Debug MX|x64
		{664E6F0D-6784-4760-9565-D54F8EB1EDF4}.MinSizeRel|x64.ActiveCfg = Debug MX|x64
		{664E6F0D-6784-4760-9565-D54F8EB1EDF4}.MinSizeRel|x64.Build.0 = Debug MX|x64
		{664E6F0D-6784-4760-9565-D54F8EB1EDF4}.MinSizeRel|x86.ActiveCfg = Debug MX|Win32
		{664E6F0D-6784-4760-9565-D54F8EB1EDF4}.MinSizeRel|x86.Build.0 = Debug MX|Win32
		{664E6F0D-6784-4760-9565-D54F8EB1EDF4}.Release MX|Any CPU.ActiveCfg = Release MX|Win32
		{664E6F0D-6784-4760-9565-D54F8EB1EDF4}.Release MX|x64.ActiveCfg = Release MX|x64
		{664E6F0D-6784-4760-9565-D54F8EB1EDF4}.Release MX|x64.Build.0 = Release MX|x64
		{664E6F0D-6784-4760-9565-D54F8EB1EDF4}.Release MX|x86.ActiveCfg = Release MX|Win32
		{664E6F0D-6784-4760-9565-D54F8EB1EDF4}.Release MX|x86.Build.0 = Release MX|Win32
		{664E6F0D-6784-4760-9565-D54F8EB1EDF4}.Release|Any CPU.ActiveCfg = Release|Win32
		{664E6F0D-6784-4760-9565-D54F8EB1EDF4}.Release|x64.ActiveCfg = Release|x64
		{664E6F0D-6784-4760-9565-D54F8EB1EDF4}.Release|x64.Build.0 = Release|x64
		{664E6F0D-6784-4760-9565-D54F8EB1EDF4}.Release|x86.ActiveCfg = Release|Win32
		{664E6F0D-6784-4760-9565-D54F8EB1EDF4}.Release|x86.Build.0 = Release|Win32
		{664E6F0D-6784-4760-9565-D54F8EB1EDF4}.RelWithDebInfo|Any CPU.ActiveCfg = Debug MX|x64
		{664E6F0D-6784-4760-9565-D54F8EB1EDF4}.RelWithDebInfo|Any CPU.Build.0 = Debug MX|x64
		{664E6F0D-6784-4760-9565-D54F8EB1EDF4}.RelWithDebInfo|x64.ActiveCfg = Release MX|x64
		{664E6F0D-6784-4760-9565-D54F8EB1EDF4}.RelWithDebInfo|x64.Build.0 = Release MX|x64
		{664E6F0D-6784-4760-9565-D54F8EB1EDF4}.RelWithDebInfo|x86.ActiveCfg = Release MX|Win32
		{664E6F0D-6784-4760-9565-D54F8EB1EDF4}.RelWithDebInfo|x86.Build.0 = Release MX|Win32
		{5B89075D-0483-425F-B763-ECB10FAC93A4}.Debug MX|Any CPU.ActiveCfg = Release|x64
		{5B89075D-0483-425F-B763-ECB10FAC93A4}.Debug MX|Any CPU.Build.0 = Release|x64
		{5B89075D-0483-425F-B763-ECB10FAC93A4}.Debug MX|x64.ActiveCfg = Debug|x64
		{5B89075D-0483-425F-B763-ECB10FAC93A4}.Debug MX|x64.Build.0 = Debug|x64
		{5B89075D-0483-425F-B763-ECB10FAC93A4}.Debug MX|x86.ActiveCfg = Debug|Win32
		{5B89075D-0483-425F-B763-ECB10FAC93A4}.Debug MX|x86.Build.0 = Debug|Win32
		{5B89075D-0483-425F-B763-ECB10FAC93A4}.Debug|Any CPU.ActiveCfg = Debug|Win32
		{5B89075D-0483-425F-B763-ECB10FAC93A4}.Debug|x64.ActiveCfg = Debug|x64
		{5B89075D-0483-425F-B763-ECB10FAC93A4}.Debug|x64.Build.0 = Debug|x64
		{5B89075D-0483-425F-B763-ECB10FAC93A4}.Debug|x86.ActiveCfg = Debug|Win32
		{5B89075D-0483-425F-B763-ECB10FAC93A4}.Debug|x86.Build.0 = Debug|Win32
		{5B89075D-0483-425F-B763-ECB10FAC93A4}.MinSizeRel|Any CPU.ActiveCfg = Release|x64
		{5B89075D-0483-425F-B763-ECB10FAC93A4}.MinSizeRel|Any CPU.Build.0 = Release|x64
		{5B89075D-0483-425F-B763-ECB10FAC93A4}.MinSizeRel|x64.ActiveCfg = Release|x64
		{5B89075D-0483-425F-B763-ECB10FAC93A4}.MinSizeRel|x64.Build.0 = Release|x64
		{5B89075D-0483-425F-B763-ECB10FAC93A4}.MinSizeRel|x86.ActiveCfg = Release|Win32
		{5B89075D-0483-425F-B763-ECB10FAC93A4}.MinSizeRel|x86.Build.0 = Release|Win32
		{5B89075D-0483-425F-B763-ECB10FAC93A4}.Release MX|Any CPU.ActiveCfg = Release|x64
		{5B89075D-0483-425F-B763-ECB10FAC93A4}.Release MX|Any CPU.Build.0 = Release|x64
		{5B89075D-0483-425F-B763-ECB10FAC93A4}.Release MX|x64.ActiveCfg = Release|x64
		{5B89075D-0483-425F-B763-ECB10FAC93A4}.Release MX|x64.Build.0 = Release|x64
		{5B89075D-0483-425F-B763-ECB10FAC93A4}.Release MX|x86.ActiveCfg = Release|Win32
		{5B89075D-0483-425F-B763-ECB10FAC93A4}.Release MX|x86.Build.0 = Release|Win32
		{5B89075D-0483-425F-B763-ECB10FAC93A4}.Release|Any CPU.ActiveCfg = Release|Win32
		{5B89075D-0483-425F-B763-ECB10FAC93A4}.Release|x64.ActiveCfg = Release|x64
		{5B89075D-0483-425F-B763-ECB10FAC93A4}.Release|x64.Build.0 = Release|x64
		{5B89075D-0483-425F-B763-ECB10FAC93A4}.Release|x86.ActiveCfg = Release|Win32
		{5B89075D-0483-425F-B763-ECB10FAC93A4}.Release|x86.Build.0 = Release|Win32
		{5B89075D-0483-425F-B763-ECB10FAC93A4}.RelWithDebInfo|Any CPU.ActiveCfg = Release|x64
		{5B89075D-0483-425F-B763-ECB10FAC93A4}.RelWithDebInfo|Any CPU.Build.0 = Release|x64
		{5B89075D-0483-425F-B763-ECB10FAC93A4}.RelWithDebInfo|x64.ActiveCfg = Release|x64
		{5B89075D-0483-425F-B763-ECB10FAC93A4}.RelWithDebInfo|x64.Build.0 = Release|x64
		{5B89075D-0483-425F-B763-ECB10FAC93A4}.RelWithDebInfo|x86.ActiveCfg = Release|Win32
		{5B89075D-0483-425F-B763-ECB10FAC93A4}.RelWithDebInfo|x86.Build.0 = Release|Win32
	EndGlobalSection
	GlobalSection(SolutionProperties) = preSolution
		HideSolutionNode = FALSE
	EndGlobalSection
	GlobalSection(ExtensibilityGlobals) = postSolution
		SolutionGuid = {178F10AC-9DC4-4AAF-B7CE-FF59927E057D}
	EndGlobalSection
EndGlobal
